
Microsoft Visual Studio Solution File, Format Version 12.00
# Visual Studio Version 17
VisualStudioVersion = 17.1.32414.318
MinimumVisualStudioVersion = 10.0.40219.1
Project("{FAE04EC0-301F-11D3-BF4B-00C04F79EFBC}") = "projeto03", "projeto03\projeto03.csproj", "{D02C7860-6B04-4052-A688-5C158D13335E}"
EndProject
Global
	GlobalSection(SolutionConfigurationPlatforms) = preSolution
		Debug|Any CPU = Debug|Any CPU
		Release|Any CPU = Release|Any CPU
	EndGlobalSection
	GlobalSection(ProjectConfigurationPlatforms) = postSolution
		{D02C7860-6B04-4052-A688-5C158D13335E}.Debug|Any CPU.ActiveCfg = Debug|Any CPU
		{D02C7860-6B04-4052-A688-5C158D13335E}.Debug|Any CPU.Build.0 = Debug|Any CPU
		{D02C7860-6B04-4052-A688-5C158D13335E}.Release|Any CPU.ActiveCfg = Release|Any CPU
		{D02C7860-6B04-4052-A688-5C158D13335E}.Release|Any CPU.Build.0 = Release|Any CPU
	EndGlobalSection
	GlobalSection(SolutionProperties) = preSolution
		HideSolutionNode = FALSE
	EndGlobalSection
	GlobalSection(ExtensibilityGlobals) = postSolution
		SolutionGuid = {C6DBE0E4-7697-425C-9345-4F4916758922}
	EndGlobalSection
EndGlobal
